
Microsoft Visual Studio Solution File, Format Version 12.00
# Visual Studio Version 17
VisualStudioVersion = 17.5.33627.172
MinimumVisualStudioVersion = 10.0.40219.1
Project("{FAE04EC0-301F-11D3-BF4B-00C04F79EFBC}") = "RentalCar", "WindowsForm\RentalCar.csproj", "{6FAA8AB5-A9EA-4820-8BC6-4B40037966DA}"
EndProject
Project("{FAE04EC0-301F-11D3-BF4B-00C04F79EFBC}") = "ConsoleRentalCar", "ConsoleRentalCar\ConsoleRentalCar.csproj", "{C57A0783-4410-476B-B250-C918F1548FF1}"
EndProject
Global
	GlobalSection(SolutionConfigurationPlatforms) = preSolution
		Debug|Any CPU = Debug|Any CPU
		Release|Any CPU = Release|Any CPU
	EndGlobalSection
	GlobalSection(ProjectConfigurationPlatforms) = postSolution
		{6FAA8AB5-A9EA-4820-8BC6-4B40037966DA}.Debug|Any CPU.ActiveCfg = Debug|Any CPU
		{6FAA8AB5-A9EA-4820-8BC6-4B40037966DA}.Debug|Any CPU.Build.0 = Debug|Any CPU
		{6FAA8AB5-A9EA-4820-8BC6-4B40037966DA}.Release|Any CPU.ActiveCfg = Release|Any CPU
		{6FAA8AB5-A9EA-4820-8BC6-4B40037966DA}.Release|Any CPU.Build.0 = Release|Any CPU
		{C57A0783-4410-476B-B250-C918F1548FF1}.Debug|Any CPU.ActiveCfg = Debug|Any CPU
		{C57A0783-4410-476B-B250-C918F1548FF1}.Debug|Any CPU.Build.0 = Debug|Any CPU
		{C57A0783-4410-476B-B250-C918F1548FF1}.Release|Any CPU.ActiveCfg = Release|Any CPU
		{C57A0783-4410-476B-B250-C918F1548FF1}.Release|Any CPU.Build.0 = Release|Any CPU
	EndGlobalSection
	GlobalSection(SolutionProperties) = preSolution
		HideSolutionNode = FALSE
	EndGlobalSection
	GlobalSection(ExtensibilityGlobals) = postSolution
		SolutionGuid = {F8C9D2C0-6703-4F5D-9F33-B1C2F4DD031D}
	EndGlobalSection
EndGlobal
